
Microsoft Visual Studio Solution File, Format Version 12.00
# Visual Studio 15
VisualStudioVersion = 15.0.27004.2010
MinimumVisualStudioVersion = 10.0.40219.1
Project("{F184B08F-C81C-45F6-A57F-5ABD9991F28F}") = "PrintMaker2018", "CardMaker2018\PrintMaker2018.vbproj", "{F60D0313-F8AB-4DB5-B05C-BD4A59CE5BB4}"
EndProject
Global
	GlobalSection(SolutionConfigurationPlatforms) = preSolution
		Debug|Any CPU = Debug|Any CPU
		Release|Any CPU = Release|Any CPU
	EndGlobalSection
	GlobalSection(ProjectConfigurationPlatforms) = postSolution
		{F60D0313-F8AB-4DB5-B05C-BD4A59CE5BB4}.Debug|Any CPU.ActiveCfg = Debug|Any CPU
		{F60D0313-F8AB-4DB5-B05C-BD4A59CE5BB4}.Debug|Any CPU.Build.0 = Debug|Any CPU
		{F60D0313-F8AB-4DB5-B05C-BD4A59CE5BB4}.Release|Any CPU.ActiveCfg = Release|Any CPU
		{F60D0313-F8AB-4DB5-B05C-BD4A59CE5BB4}.Release|Any CPU.Build.0 = Release|Any CPU
	EndGlobalSection
	GlobalSection(SolutionProperties) = preSolution
		HideSolutionNode = FALSE
	EndGlobalSection
	GlobalSection(ExtensibilityGlobals) = postSolution
		SolutionGuid = {526C1365-8A73-40AD-8C23-024774778511}
	EndGlobalSection
EndGlobal
